
Microsoft Visual Studio Solution File, Format Version 12.00
# Visual Studio Version 16
VisualStudioVersion = 16.0.29411.108
MinimumVisualStudioVersion = 10.0.40219.1
Project("{FAE04EC0-301F-11D3-BF4B-00C04F79EFBC}") = "English-Bot", "English-Bot\English-Bot.csproj", "{9DE3BE4F-31D9-4C73-B7C4-E1169AF304CF}"
EndProject
Global
	GlobalSection(SolutionConfigurationPlatforms) = preSolution
		Debug|Any CPU = Debug|Any CPU
		Release|Any CPU = Release|Any CPU
	EndGlobalSection
	GlobalSection(ProjectConfigurationPlatforms) = postSolution
		{9DE3BE4F-31D9-4C73-B7C4-E1169AF304CF}.Debug|Any CPU.ActiveCfg = Debug|Any CPU
		{9DE3BE4F-31D9-4C73-B7C4-E1169AF304CF}.Debug|Any CPU.Build.0 = Debug|Any CPU
		{9DE3BE4F-31D9-4C73-B7C4-E1169AF304CF}.Release|Any CPU.ActiveCfg = Release|Any CPU
		{9DE3BE4F-31D9-4C73-B7C4-E1169AF304CF}.Release|Any CPU.Build.0 = Release|Any CPU
	EndGlobalSection
	GlobalSection(SolutionProperties) = preSolution
		HideSolutionNode = FALSE
	EndGlobalSection
	GlobalSection(ExtensibilityGlobals) = postSolution
		SolutionGuid = {547554C5-0045-4234-8A6B-D2B02CED857E}
	EndGlobalSection
EndGlobal
