
Microsoft Visual Studio Solution File, Format Version 11.00
# Visual Web Developer Express 2010
Project("{FAE04EC0-301F-11D3-BF4B-00C04F79EFBC}") = "AudioCS2010", "AudioCS\AudioCS2010.csproj", "{EE0E40F9-70A1-49DB-B98C-D28AA8892CF9}"
EndProject
Project("{FAE04EC0-301F-11D3-BF4B-00C04F79EFBC}") = "AudioExCS2010", "AudioExCS\AudioExCS2010.csproj", "{101E7228-0D24-48E7-9E85-32680272782F}"
EndProject
Project("{FAE04EC0-301F-11D3-BF4B-00C04F79EFBC}") = "RecordPlay2010", "RecordPlay\RecordPlay2010.csproj", "{27B95425-1710-427A-9C52-EB1911BCC734}"
EndProject
Project("{FAE04EC0-301F-11D3-BF4B-00C04F79EFBC}") = "EffectsCs2010", "EffectsCs\EffectsCs2010.csproj", "{ED5622D5-E79A-4DE8-926C-2DA26C877860}"
EndProject
Project("{FAE04EC0-301F-11D3-BF4B-00C04F79EFBC}") = "AudioFileInfoCs2010", "AudioFileInfoCs\AudioFileInfoCs2010.csproj", "{31D214AB-FABB-41EC-BEAB-19E8400D9CC2}"
EndProject
Project("{FAE04EC0-301F-11D3-BF4B-00C04F79EFBC}") = "WpfCs2010", "WpfCs\WpfCs2010.csproj", "{0AB2A770-E975-4A09-85F2-4C98041D51EB}"
EndProject
Project("{FAE04EC0-301F-11D3-BF4B-00C04F79EFBC}") = "WaveformVisualizerCs2010", "WaveformVisualizerCs\WaveformVisualizerCs2010.csproj", "{28917058-F971-4E90-8764-9BB35EE85D08}"
EndProject
Project("{FAE04EC0-301F-11D3-BF4B-00C04F79EFBC}") = "AudioConsCs2010", "AudioConsCs\AudioConsCs2010.csproj", "{54D87846-4EFB-4A93-9A3E-CCA969909645}"
EndProject
Project("{FAE04EC0-301F-11D3-BF4B-00C04F79EFBC}") = "AudioWindowsServiceCs2010", "AudioWindowsServiceCs\AudioWindowsServiceCs2010.csproj", "{C20A30EE-4A3A-4BD2-A9C5-C16F858398CC}"
EndProject
Project("{FAE04EC0-301F-11D3-BF4B-00C04F79EFBC}") = "SoxConvertCs2010", "SoxConvertCs\SoxConvertCs2010.csproj", "{6D5045A4-6289-4BE5-AD26-503A60B22AA3}"
EndProject
Project("{FAE04EC0-301F-11D3-BF4B-00C04F79EFBC}") = "CdaCs2010", "CdaCs\CdaCs2010.csproj", "{B078B112-681B-45B4-B753-D5CDF7F5B4E3}"
EndProject
Project("{FAE04EC0-301F-11D3-BF4B-00C04F79EFBC}") = "DriversCs", "DriversCs\DriversCs.csproj", "{B4AFF3C2-3CB3-42E3-ABC5-8BDAFC12EC6A}"
EndProject
Project("{E24C65DC-7377-472B-9ABA-BC803B73C61A}") = "WebCs", "WebCs\", "{F7536546-1AD8-4856-9107-EC3ABEC55F1E}"
	ProjectSection(WebsiteProperties) = preProject
		TargetFrameworkMoniker = ".NETFramework,Version%3Dv4.0"
		Debug.AspNetCompiler.VirtualPath = "/WebCs"
		Debug.AspNetCompiler.PhysicalPath = "WebCs\"
		Debug.AspNetCompiler.TargetPath = "PrecompiledWeb\WebCs\"
		Debug.AspNetCompiler.Updateable = "true"
		Debug.AspNetCompiler.ForceOverwrite = "true"
		Debug.AspNetCompiler.FixedNames = "false"
		Debug.AspNetCompiler.Debug = "True"
		Release.AspNetCompiler.VirtualPath = "/WebCs"
		Release.AspNetCompiler.PhysicalPath = "WebCs\"
		Release.AspNetCompiler.TargetPath = "PrecompiledWeb\WebCs\"
		Release.AspNetCompiler.Updateable = "true"
		Release.AspNetCompiler.ForceOverwrite = "true"
		Release.AspNetCompiler.FixedNames = "false"
		Release.AspNetCompiler.Debug = "False"
		VWDPort = "51558"
	EndProjectSection
EndProject
Global
	GlobalSection(SolutionConfigurationPlatforms) = preSolution
		Debug|.NET = Debug|.NET
		Debug|Any CPU = Debug|Any CPU
		Debug|Mixed Platforms = Debug|Mixed Platforms
		Release|.NET = Release|.NET
		Release|Any CPU = Release|Any CPU
		Release|Mixed Platforms = Release|Mixed Platforms
	EndGlobalSection
	GlobalSection(ProjectConfigurationPlatforms) = postSolution
		{EE0E40F9-70A1-49DB-B98C-D28AA8892CF9}.Debug|.NET.ActiveCfg = Debug|Any CPU
		{EE0E40F9-70A1-49DB-B98C-D28AA8892CF9}.Debug|Any CPU.ActiveCfg = Debug|Any CPU
		{EE0E40F9-70A1-49DB-B98C-D28AA8892CF9}.Debug|Any CPU.Build.0 = Debug|Any CPU
		{EE0E40F9-70A1-49DB-B98C-D28AA8892CF9}.Debug|Mixed Platforms.ActiveCfg = Debug|Any CPU
		{EE0E40F9-70A1-49DB-B98C-D28AA8892CF9}.Debug|Mixed Platforms.Build.0 = Debug|Any CPU
		{EE0E40F9-70A1-49DB-B98C-D28AA8892CF9}.Release|.NET.ActiveCfg = Release|Any CPU
		{EE0E40F9-70A1-49DB-B98C-D28AA8892CF9}.Release|Any CPU.ActiveCfg = Release|Any CPU
		{EE0E40F9-70A1-49DB-B98C-D28AA8892CF9}.Release|Any CPU.Build.0 = Release|Any CPU
		{EE0E40F9-70A1-49DB-B98C-D28AA8892CF9}.Release|Mixed Platforms.ActiveCfg = Release|Any CPU
		{EE0E40F9-70A1-49DB-B98C-D28AA8892CF9}.Release|Mixed Platforms.Build.0 = Release|Any CPU
		{101E7228-0D24-48E7-9E85-32680272782F}.Debug|.NET.ActiveCfg = Debug|Any CPU
		{101E7228-0D24-48E7-9E85-32680272782F}.Debug|Any CPU.ActiveCfg = Debug|Any CPU
		{101E7228-0D24-48E7-9E85-32680272782F}.Debug|Any CPU.Build.0 = Debug|Any CPU
		{101E7228-0D24-48E7-9E85-32680272782F}.Debug|Mixed Platforms.ActiveCfg = Debug|Any CPU
		{101E7228-0D24-48E7-9E85-32680272782F}.Debug|Mixed Platforms.Build.0 = Debug|Any CPU
		{101E7228-0D24-48E7-9E85-32680272782F}.Release|.NET.ActiveCfg = Release|Any CPU
		{101E7228-0D24-48E7-9E85-32680272782F}.Release|Any CPU.ActiveCfg = Release|Any CPU
		{101E7228-0D24-48E7-9E85-32680272782F}.Release|Any CPU.Build.0 = Release|Any CPU
		{101E7228-0D24-48E7-9E85-32680272782F}.Release|Mixed Platforms.ActiveCfg = Release|Any CPU
		{101E7228-0D24-48E7-9E85-32680272782F}.Release|Mixed Platforms.Build.0 = Release|Any CPU
		{27B95425-1710-427A-9C52-EB1911BCC734}.Debug|.NET.ActiveCfg = Debug|Any CPU
		{27B95425-1710-427A-9C52-EB1911BCC734}.Debug|Any CPU.ActiveCfg = Debug|Any CPU
		{27B95425-1710-427A-9C52-EB1911BCC734}.Debug|Any CPU.Build.0 = Debug|Any CPU
		{27B95425-1710-427A-9C52-EB1911BCC734}.Debug|Mixed Platforms.ActiveCfg = Debug|Any CPU
		{27B95425-1710-427A-9C52-EB1911BCC734}.Debug|Mixed Platforms.Build.0 = Debug|Any CPU
		{27B95425-1710-427A-9C52-EB1911BCC734}.Release|.NET.ActiveCfg = Release|Any CPU
		{27B95425-1710-427A-9C52-EB1911BCC734}.Release|Any CPU.ActiveCfg = Release|Any CPU
		{27B95425-1710-427A-9C52-EB1911BCC734}.Release|Any CPU.Build.0 = Release|Any CPU
		{27B95425-1710-427A-9C52-EB1911BCC734}.Release|Mixed Platforms.ActiveCfg = Release|Any CPU
		{27B95425-1710-427A-9C52-EB1911BCC734}.Release|Mixed Platforms.Build.0 = Release|Any CPU
		{ED5622D5-E79A-4DE8-926C-2DA26C877860}.Debug|.NET.ActiveCfg = Debug|Any CPU
		{ED5622D5-E79A-4DE8-926C-2DA26C877860}.Debug|Any CPU.ActiveCfg = Debug|Any CPU
		{ED5622D5-E79A-4DE8-926C-2DA26C877860}.Debug|Any CPU.Build.0 = Debug|Any CPU
		{ED5622D5-E79A-4DE8-926C-2DA26C877860}.Debug|Mixed Platforms.ActiveCfg = Debug|Any CPU
		{ED5622D5-E79A-4DE8-926C-2DA26C877860}.Debug|Mixed Platforms.Build.0 = Debug|Any CPU
		{ED5622D5-E79A-4DE8-926C-2DA26C877860}.Release|.NET.ActiveCfg = Release|Any CPU
		{ED5622D5-E79A-4DE8-926C-2DA26C877860}.Release|Any CPU.ActiveCfg = Release|Any CPU
		{ED5622D5-E79A-4DE8-926C-2DA26C877860}.Release|Any CPU.Build.0 = Release|Any CPU
		{ED5622D5-E79A-4DE8-926C-2DA26C877860}.Release|Mixed Platforms.ActiveCfg = Release|Any CPU
		{ED5622D5-E79A-4DE8-926C-2DA26C877860}.Release|Mixed Platforms.Build.0 = Release|Any CPU
		{31D214AB-FABB-41EC-BEAB-19E8400D9CC2}.Debug|.NET.ActiveCfg = Debug|Any CPU
		{31D214AB-FABB-41EC-BEAB-19E8400D9CC2}.Debug|Any CPU.ActiveCfg = Debug|Any CPU
		{31D214AB-FABB-41EC-BEAB-19E8400D9CC2}.Debug|Any CPU.Build.0 = Debug|Any CPU
		{31D214AB-FABB-41EC-BEAB-19E8400D9CC2}.Debug|Mixed Platforms.ActiveCfg = Debug|Any CPU
		{31D214AB-FABB-41EC-BEAB-19E8400D9CC2}.Debug|Mixed Platforms.Build.0 = Debug|Any CPU
		{31D214AB-FABB-41EC-BEAB-19E8400D9CC2}.Release|.NET.ActiveCfg = Release|Any CPU
		{31D214AB-FABB-41EC-BEAB-19E8400D9CC2}.Release|Any CPU.ActiveCfg = Release|Any CPU
		{31D214AB-FABB-41EC-BEAB-19E8400D9CC2}.Release|Any CPU.Build.0 = Release|Any CPU
		{31D214AB-FABB-41EC-BEAB-19E8400D9CC2}.Release|Mixed Platforms.ActiveCfg = Release|Any CPU
		{31D214AB-FABB-41EC-BEAB-19E8400D9CC2}.Release|Mixed Platforms.Build.0 = Release|Any CPU
		{0AB2A770-E975-4A09-85F2-4C98041D51EB}.Debug|.NET.ActiveCfg = Debug|Any CPU
		{0AB2A770-E975-4A09-85F2-4C98041D51EB}.Debug|Any CPU.ActiveCfg = Debug|Any CPU
		{0AB2A770-E975-4A09-85F2-4C98041D51EB}.Debug|Any CPU.Build.0 = Debug|Any CPU
		{0AB2A770-E975-4A09-85F2-4C98041D51EB}.Debug|Mixed Platforms.ActiveCfg = Debug|Any CPU
		{0AB2A770-E975-4A09-85F2-4C98041D51EB}.Debug|Mixed Platforms.Build.0 = Debug|Any CPU
		{0AB2A770-E975-4A09-85F2-4C98041D51EB}.Release|.NET.ActiveCfg = Release|Any CPU
		{0AB2A770-E975-4A09-85F2-4C98041D51EB}.Release|Any CPU.ActiveCfg = Release|Any CPU
		{0AB2A770-E975-4A09-85F2-4C98041D51EB}.Release|Any CPU.Build.0 = Release|Any CPU
		{0AB2A770-E975-4A09-85F2-4C98041D51EB}.Release|Mixed Platforms.ActiveCfg = Release|Any CPU
		{0AB2A770-E975-4A09-85F2-4C98041D51EB}.Release|Mixed Platforms.Build.0 = Release|Any CPU
		{28917058-F971-4E90-8764-9BB35EE85D08}.Debug|.NET.ActiveCfg = Debug|Any CPU
		{28917058-F971-4E90-8764-9BB35EE85D08}.Debug|Any CPU.ActiveCfg = Debug|Any CPU
		{28917058-F971-4E90-8764-9BB35EE85D08}.Debug|Any CPU.Build.0 = Debug|Any CPU
		{28917058-F971-4E90-8764-9BB35EE85D08}.Debug|Mixed Platforms.ActiveCfg = Debug|Any CPU
		{28917058-F971-4E90-8764-9BB35EE85D08}.Debug|Mixed Platforms.Build.0 = Debug|Any CPU
		{28917058-F971-4E90-8764-9BB35EE85D08}.Release|.NET.ActiveCfg = Release|Any CPU
		{28917058-F971-4E90-8764-9BB35EE85D08}.Release|Any CPU.ActiveCfg = Release|Any CPU
		{28917058-F971-4E90-8764-9BB35EE85D08}.Release|Any CPU.Build.0 = Release|Any CPU
		{28917058-F971-4E90-8764-9BB35EE85D08}.Release|Mixed Platforms.ActiveCfg = Release|Any CPU
		{28917058-F971-4E90-8764-9BB35EE85D08}.Release|Mixed Platforms.Build.0 = Release|Any CPU
		{54D87846-4EFB-4A93-9A3E-CCA969909645}.Debug|.NET.ActiveCfg = Debug|Any CPU
		{54D87846-4EFB-4A93-9A3E-CCA969909645}.Debug|Any CPU.ActiveCfg = Debug|Any CPU
		{54D87846-4EFB-4A93-9A3E-CCA969909645}.Debug|Any CPU.Build.0 = Debug|Any CPU
		{54D87846-4EFB-4A93-9A3E-CCA969909645}.Debug|Mixed Platforms.ActiveCfg = Debug|Any CPU
		{54D87846-4EFB-4A93-9A3E-CCA969909645}.Debug|Mixed Platforms.Build.0 = Debug|Any CPU
		{54D87846-4EFB-4A93-9A3E-CCA969909645}.Release|.NET.ActiveCfg = Release|Any CPU
		{54D87846-4EFB-4A93-9A3E-CCA969909645}.Release|Any CPU.ActiveCfg = Release|Any CPU
		{54D87846-4EFB-4A93-9A3E-CCA969909645}.Release|Any CPU.Build.0 = Release|Any CPU
		{54D87846-4EFB-4A93-9A3E-CCA969909645}.Release|Mixed Platforms.ActiveCfg = Release|Any CPU
		{54D87846-4EFB-4A93-9A3E-CCA969909645}.Release|Mixed Platforms.Build.0 = Release|Any CPU
		{C20A30EE-4A3A-4BD2-A9C5-C16F858398CC}.Debug|.NET.ActiveCfg = Debug|Any CPU
		{C20A30EE-4A3A-4BD2-A9C5-C16F858398CC}.Debug|Any CPU.ActiveCfg = Debug|Any CPU
		{C20A30EE-4A3A-4BD2-A9C5-C16F858398CC}.Debug|Any CPU.Build.0 = Debug|Any CPU
		{C20A30EE-4A3A-4BD2-A9C5-C16F858398CC}.Debug|Mixed Platforms.ActiveCfg = Debug|Any CPU
		{C20A30EE-4A3A-4BD2-A9C5-C16F858398CC}.Debug|Mixed Platforms.Build.0 = Debug|Any CPU
		{C20A30EE-4A3A-4BD2-A9C5-C16F858398CC}.Release|.NET.ActiveCfg = Release|Any CPU
		{C20A30EE-4A3A-4BD2-A9C5-C16F858398CC}.Release|Any CPU.ActiveCfg = Release|Any CPU
		{C20A30EE-4A3A-4BD2-A9C5-C16F858398CC}.Release|Any CPU.Build.0 = Release|Any CPU
		{C20A30EE-4A3A-4BD2-A9C5-C16F858398CC}.Release|Mixed Platforms.ActiveCfg = Release|Any CPU
		{C20A30EE-4A3A-4BD2-A9C5-C16F858398CC}.Release|Mixed Platforms.Build.0 = Release|Any CPU
		{6D5045A4-6289-4BE5-AD26-503A60B22AA3}.Debug|.NET.ActiveCfg = Debug|Any CPU
		{6D5045A4-6289-4BE5-AD26-503A60B22AA3}.Debug|Any CPU.ActiveCfg = Debug|Any CPU
		{6D5045A4-6289-4BE5-AD26-503A60B22AA3}.Debug|Any CPU.Build.0 = Debug|Any CPU
		{6D5045A4-6289-4BE5-AD26-503A60B22AA3}.Debug|Mixed Platforms.ActiveCfg = Debug|Any CPU
		{6D5045A4-6289-4BE5-AD26-503A60B22AA3}.Debug|Mixed Platforms.Build.0 = Debug|Any CPU
		{6D5045A4-6289-4BE5-AD26-503A60B22AA3}.Release|.NET.ActiveCfg = Release|Any CPU
		{6D5045A4-6289-4BE5-AD26-503A60B22AA3}.Release|Any CPU.ActiveCfg = Release|Any CPU
		{6D5045A4-6289-4BE5-AD26-503A60B22AA3}.Release|Any CPU.Build.0 = Release|Any CPU
		{6D5045A4-6289-4BE5-AD26-503A60B22AA3}.Release|Mixed Platforms.ActiveCfg = Release|Any CPU
		{6D5045A4-6289-4BE5-AD26-503A60B22AA3}.Release|Mixed Platforms.Build.0 = Release|Any CPU
		{B078B112-681B-45B4-B753-D5CDF7F5B4E3}.Debug|.NET.ActiveCfg = Debug|Any CPU
		{B078B112-681B-45B4-B753-D5CDF7F5B4E3}.Debug|Any CPU.ActiveCfg = Debug|Any CPU
		{B078B112-681B-45B4-B753-D5CDF7F5B4E3}.Debug|Any CPU.Build.0 = Debug|Any CPU
		{B078B112-681B-45B4-B753-D5CDF7F5B4E3}.Debug|Mixed Platforms.ActiveCfg = Debug|Any CPU
		{B078B112-681B-45B4-B753-D5CDF7F5B4E3}.Debug|Mixed Platforms.Build.0 = Debug|Any CPU
		{B078B112-681B-45B4-B753-D5CDF7F5B4E3}.Release|.NET.ActiveCfg = Release|Any CPU
		{B078B112-681B-45B4-B753-D5CDF7F5B4E3}.Release|Any CPU.ActiveCfg = Release|Any CPU
		{B078B112-681B-45B4-B753-D5CDF7F5B4E3}.Release|Any CPU.Build.0 = Release|Any CPU
		{B078B112-681B-45B4-B753-D5CDF7F5B4E3}.Release|Mixed Platforms.ActiveCfg = Release|Any CPU
		{B078B112-681B-45B4-B753-D5CDF7F5B4E3}.Release|Mixed Platforms.Build.0 = Release|Any CPU
		{B4AFF3C2-3CB3-42E3-ABC5-8BDAFC12EC6A}.Debug|.NET.ActiveCfg = Debug|Any CPU
		{B4AFF3C2-3CB3-42E3-ABC5-8BDAFC12EC6A}.Debug|Any CPU.ActiveCfg = Debug|Any CPU
		{B4AFF3C2-3CB3-42E3-ABC5-8BDAFC12EC6A}.Debug|Any CPU.Build.0 = Debug|Any CPU
		{B4AFF3C2-3CB3-42E3-ABC5-8BDAFC12EC6A}.Debug|Mixed Platforms.ActiveCfg = Debug|Any CPU
		{B4AFF3C2-3CB3-42E3-ABC5-8BDAFC12EC6A}.Debug|Mixed Platforms.Build.0 = Debug|Any CPU
		{B4AFF3C2-3CB3-42E3-ABC5-8BDAFC12EC6A}.Release|.NET.ActiveCfg = Release|Any CPU
		{B4AFF3C2-3CB3-42E3-ABC5-8BDAFC12EC6A}.Release|Any CPU.ActiveCfg = Release|Any CPU
		{B4AFF3C2-3CB3-42E3-ABC5-8BDAFC12EC6A}.Release|Any CPU.Build.0 = Release|Any CPU
		{B4AFF3C2-3CB3-42E3-ABC5-8BDAFC12EC6A}.Release|Mixed Platforms.ActiveCfg = Release|Any CPU
		{B4AFF3C2-3CB3-42E3-ABC5-8BDAFC12EC6A}.Release|Mixed Platforms.Build.0 = Release|Any CPU
		{F7536546-1AD8-4856-9107-EC3ABEC55F1E}.Debug|.NET.ActiveCfg = Debug|Any CPU
		{F7536546-1AD8-4856-9107-EC3ABEC55F1E}.Debug|Any CPU.ActiveCfg = Debug|Any CPU
		{F7536546-1AD8-4856-9107-EC3ABEC55F1E}.Debug|Any CPU.Build.0 = Debug|Any CPU
		{F7536546-1AD8-4856-9107-EC3ABEC55F1E}.Debug|Mixed Platforms.ActiveCfg = Debug|Any CPU
		{F7536546-1AD8-4856-9107-EC3ABEC55F1E}.Debug|Mixed Platforms.Build.0 = Debug|Any CPU
		{F7536546-1AD8-4856-9107-EC3ABEC55F1E}.Release|.NET.ActiveCfg = Debug|Any CPU
		{F7536546-1AD8-4856-9107-EC3ABEC55F1E}.Release|Any CPU.ActiveCfg = Debug|Any CPU
		{F7536546-1AD8-4856-9107-EC3ABEC55F1E}.Release|Any CPU.Build.0 = Debug|Any CPU
		{F7536546-1AD8-4856-9107-EC3ABEC55F1E}.Release|Mixed Platforms.ActiveCfg = Debug|Any CPU
		{F7536546-1AD8-4856-9107-EC3ABEC55F1E}.Release|Mixed Platforms.Build.0 = Debug|Any CPU
	EndGlobalSection
	GlobalSection(SolutionProperties) = preSolution
		HideSolutionNode = FALSE
	EndGlobalSection
EndGlobal
